
Microsoft Visual Studio Solution File, Format Version 12.00
# Visual Studio Version 17
VisualStudioVersion = 17.9.34714.143
MinimumVisualStudioVersion = 10.0.40219.1
Project("{2150E333-8FDC-42A3-9474-1A3956D46DE8}") = "Core", "Core", "{F76A0089-EFD3-4C86-9A5B-EB590B2FD137}"
EndProject
Project("{2150E333-8FDC-42A3-9474-1A3956D46DE8}") = "Infrastructure", "Infrastructure", "{FE366974-E9F5-434E-BAD0-1C017CD57B05}"
EndProject
Project("{2150E333-8FDC-42A3-9474-1A3956D46DE8}") = "Presentations", "Presentations", "{9B6173E6-FA1F-479F-B689-23A9DC9DB80F}"
EndProject
Project("{9A19103F-16F7-4668-BE54-9A1E7A4F7556}") = "Equipments.Identity", "Equipments.Identity\Equipments.Identity.csproj", "{29B4A208-7835-4E71-B184-5A9193E04244}"
EndProject
Project("{2150E333-8FDC-42A3-9474-1A3956D46DE8}") = "Equipments.Backend", "Equipments.Backend", "{133B74C2-C510-4FD3-9905-CA095FC41A60}"
EndProject
Project("{9A19103F-16F7-4668-BE54-9A1E7A4F7556}") = "Equipments.Application", "Equipments.Backend\Core\Equipments.Application\Equipments.Application.csproj", "{17CA9F6D-F247-42F4-85E5-9B824530DA24}"
EndProject
Project("{9A19103F-16F7-4668-BE54-9A1E7A4F7556}") = "Equipments.Domain", "Equipments.Backend\Core\Equipments.Domain\Equipments.Domain.csproj", "{5BB10368-A697-4580-80B1-D417DD5A69C3}"
EndProject
Project("{9A19103F-16F7-4668-BE54-9A1E7A4F7556}") = "Equipments.Persistence", "Equipments.Backend\Infrastructure\Equipments.Persistence\Equipments.Persistence.csproj", "{43667F47-1B36-4B1A-8BA5-F4FC8851E68C}"
EndProject
Project("{9A19103F-16F7-4668-BE54-9A1E7A4F7556}") = "Equipments.WebAPI", "Equipments.Backend\Presentations\Equipments.WebAPI\Equipments.WebAPI.csproj", "{B3120A83-6AB7-4F30-951D-EAE211D4996C}"
EndProject
Project("{2150E333-8FDC-42A3-9474-1A3956D46DE8}") = "Equipments.AvaloniaUI", "Equipments.AvaloniaUI", "{A64AA6CC-3F47-419F-AA23-89893DCF1935}"
EndProject
Project("{9A19103F-16F7-4668-BE54-9A1E7A4F7556}") = "Equipments.AvaloniaUI", "Equipments.AvaloniaUI\Equipments.AvaloniaUI\Equipments.AvaloniaUI.csproj", "{4AAF50F9-ABC0-4A69-AA00-329FE96B0BE2}"
EndProject
Project("{9A19103F-16F7-4668-BE54-9A1E7A4F7556}") = "Equipments.AvaloniaUI.Desktop", "Equipments.AvaloniaUI\Equipments.AvaloniaUI.Desktop\Equipments.AvaloniaUI.Desktop.csproj", "{0F741F31-F90A-4C3A-9EAA-EC046E2B3256}"
EndProject
Project("{9A19103F-16F7-4668-BE54-9A1E7A4F7556}") = "Equipments.Api", "Equipments.Infrastructure.Api\Equipments.Api.csproj", "{16D9ADD1-0A10-4A81-B53C-011599420C9C}"
EndProject
Project("{FAE04EC0-301F-11D3-BF4B-00C04F79EFBC}") = "QuestPdf.Previwer", "QuestPdf.Previwer\QuestPdf.Previwer.csproj", "{2E7567E3-3C11-4A05-B9BC-93C5F597ECD7}"
EndProject
Global
	GlobalSection(SolutionConfigurationPlatforms) = preSolution
		Debug|Any CPU = Debug|Any CPU
		Release|Any CPU = Release|Any CPU
	EndGlobalSection
	GlobalSection(ProjectConfigurationPlatforms) = postSolution
		{29B4A208-7835-4E71-B184-5A9193E04244}.Debug|Any CPU.ActiveCfg = Debug|Any CPU
		{29B4A208-7835-4E71-B184-5A9193E04244}.Debug|Any CPU.Build.0 = Debug|Any CPU
		{29B4A208-7835-4E71-B184-5A9193E04244}.Release|Any CPU.ActiveCfg = Release|Any CPU
		{29B4A208-7835-4E71-B184-5A9193E04244}.Release|Any CPU.Build.0 = Release|Any CPU
		{17CA9F6D-F247-42F4-85E5-9B824530DA24}.Debug|Any CPU.ActiveCfg = Debug|Any CPU
		{17CA9F6D-F247-42F4-85E5-9B824530DA24}.Debug|Any CPU.Build.0 = Debug|Any CPU
		{17CA9F6D-F247-42F4-85E5-9B824530DA24}.Release|Any CPU.ActiveCfg = Release|Any CPU
		{17CA9F6D-F247-42F4-85E5-9B824530DA24}.Release|Any CPU.Build.0 = Release|Any CPU
		{5BB10368-A697-4580-80B1-D417DD5A69C3}.Debug|Any CPU.ActiveCfg = Debug|Any CPU
		{5BB10368-A697-4580-80B1-D417DD5A69C3}.Debug|Any CPU.Build.0 = Debug|Any CPU
		{5BB10368-A697-4580-80B1-D417DD5A69C3}.Release|Any CPU.ActiveCfg = Release|Any CPU
		{5BB10368-A697-4580-80B1-D417DD5A69C3}.Release|Any CPU.Build.0 = Release|Any CPU
		{43667F47-1B36-4B1A-8BA5-F4FC8851E68C}.Debug|Any CPU.ActiveCfg = Debug|Any CPU
		{43667F47-1B36-4B1A-8BA5-F4FC8851E68C}.Debug|Any CPU.Build.0 = Debug|Any CPU
		{43667F47-1B36-4B1A-8BA5-F4FC8851E68C}.Release|Any CPU.ActiveCfg = Release|Any CPU
		{43667F47-1B36-4B1A-8BA5-F4FC8851E68C}.Release|Any CPU.Build.0 = Release|Any CPU
		{B3120A83-6AB7-4F30-951D-EAE211D4996C}.Debug|Any CPU.ActiveCfg = Debug|Any CPU
		{B3120A83-6AB7-4F30-951D-EAE211D4996C}.Debug|Any CPU.Build.0 = Debug|Any CPU
		{B3120A83-6AB7-4F30-951D-EAE211D4996C}.Release|Any CPU.ActiveCfg = Release|Any CPU
		{B3120A83-6AB7-4F30-951D-EAE211D4996C}.Release|Any CPU.Build.0 = Release|Any CPU
		{4AAF50F9-ABC0-4A69-AA00-329FE96B0BE2}.Debug|Any CPU.ActiveCfg = Debug|Any CPU
		{4AAF50F9-ABC0-4A69-AA00-329FE96B0BE2}.Debug|Any CPU.Build.0 = Debug|Any CPU
		{4AAF50F9-ABC0-4A69-AA00-329FE96B0BE2}.Release|Any CPU.ActiveCfg = Release|Any CPU
		{4AAF50F9-ABC0-4A69-AA00-329FE96B0BE2}.Release|Any CPU.Build.0 = Release|Any CPU
		{0F741F31-F90A-4C3A-9EAA-EC046E2B3256}.Debug|Any CPU.ActiveCfg = Debug|Any CPU
		{0F741F31-F90A-4C3A-9EAA-EC046E2B3256}.Debug|Any CPU.Build.0 = Debug|Any CPU
		{0F741F31-F90A-4C3A-9EAA-EC046E2B3256}.Release|Any CPU.ActiveCfg = Release|Any CPU
		{0F741F31-F90A-4C3A-9EAA-EC046E2B3256}.Release|Any CPU.Build.0 = Release|Any CPU
		{16D9ADD1-0A10-4A81-B53C-011599420C9C}.Debug|Any CPU.ActiveCfg = Debug|Any CPU
		{16D9ADD1-0A10-4A81-B53C-011599420C9C}.Debug|Any CPU.Build.0 = Debug|Any CPU
		{16D9ADD1-0A10-4A81-B53C-011599420C9C}.Release|Any CPU.ActiveCfg = Release|Any CPU
		{16D9ADD1-0A10-4A81-B53C-011599420C9C}.Release|Any CPU.Build.0 = Release|Any CPU
		{2E7567E3-3C11-4A05-B9BC-93C5F597ECD7}.Debug|Any CPU.ActiveCfg = Debug|Any CPU
		{2E7567E3-3C11-4A05-B9BC-93C5F597ECD7}.Debug|Any CPU.Build.0 = Debug|Any CPU
		{2E7567E3-3C11-4A05-B9BC-93C5F597ECD7}.Release|Any CPU.ActiveCfg = Release|Any CPU
		{2E7567E3-3C11-4A05-B9BC-93C5F597ECD7}.Release|Any CPU.Build.0 = Release|Any CPU
	EndGlobalSection
	GlobalSection(SolutionProperties) = preSolution
		HideSolutionNode = FALSE
	EndGlobalSection
	GlobalSection(NestedProjects) = preSolution
		{F76A0089-EFD3-4C86-9A5B-EB590B2FD137} = {133B74C2-C510-4FD3-9905-CA095FC41A60}
		{FE366974-E9F5-434E-BAD0-1C017CD57B05} = {133B74C2-C510-4FD3-9905-CA095FC41A60}
		{9B6173E6-FA1F-479F-B689-23A9DC9DB80F} = {133B74C2-C510-4FD3-9905-CA095FC41A60}
		{17CA9F6D-F247-42F4-85E5-9B824530DA24} = {F76A0089-EFD3-4C86-9A5B-EB590B2FD137}
		{5BB10368-A697-4580-80B1-D417DD5A69C3} = {F76A0089-EFD3-4C86-9A5B-EB590B2FD137}
		{43667F47-1B36-4B1A-8BA5-F4FC8851E68C} = {FE366974-E9F5-434E-BAD0-1C017CD57B05}
		{B3120A83-6AB7-4F30-951D-EAE211D4996C} = {9B6173E6-FA1F-479F-B689-23A9DC9DB80F}
		{4AAF50F9-ABC0-4A69-AA00-329FE96B0BE2} = {A64AA6CC-3F47-419F-AA23-89893DCF1935}
		{0F741F31-F90A-4C3A-9EAA-EC046E2B3256} = {A64AA6CC-3F47-419F-AA23-89893DCF1935}
		{16D9ADD1-0A10-4A81-B53C-011599420C9C} = {FE366974-E9F5-434E-BAD0-1C017CD57B05}
	EndGlobalSection
	GlobalSection(ExtensibilityGlobals) = postSolution
		SolutionGuid = {BFDF835A-7156-454D-8E6A-CF22DD8BFFA0}
	EndGlobalSection
EndGlobal
